// !$*UTF8*$!
{
	archiveVersion = 1;
	classes = {
	};
	objectVersion = 56;
	objects = {

/* Begin PBXBuildFile section */
		F0CE8F9C2A862F93006C2D0F /* AppDelegate.swift in Sources */ = {isa = PBXBuildFile; fileRef = F0CE8F9B2A862F93006C2D0F /* AppDelegate.swift */; };
		F0CE8F9E2A862F94006C2D0F /* SceneDelegate.swift in Sources */ = {isa = PBXBuildFile; fileRef = F0CE8F9D2A862F94006C2D0F /* SceneDelegate.swift */; };
		F0CE8FA02A862F94006C2D0F /* ViewController.swift in Sources */ = {isa = PBXBuildFile; fileRef = F0CE8F9F2A862F94006C2D0F /* ViewController.swift */; };
		F0CE8FA32A862F94006C2D0F /* Main.storyboard in Resources */ = {isa = PBXBuildFile; fileRef = F0CE8FA12A862F94006C2D0F /* Main.storyboard */; };
		F0CE8FA52A862F95006C2D0F /* Assets.xcassets in Resources */ = {isa = PBXBuildFile; fileRef = F0CE8FA42A862F95006C2D0F /* Assets.xcassets */; };
		F0CE8FA82A862F95006C2D0F /* LaunchScreen.storyboard in Resources */ = {isa = PBXBuildFile; fileRef = F0CE8FA62A862F95006C2D0F /* LaunchScreen.storyboard */; };
		F0CE8FB32A862F95006C2D0F /* SimpleTransportationTests.swift in Sources */ = {isa = PBXBuildFile; fileRef = F0CE8FB22A862F95006C2D0F /* SimpleTransportationTests.swift */; };
		F0CE8FBD2A862F95006C2D0F /* SimpleTransportationUITests.swift in Sources */ = {isa = PBXBuildFile; fileRef = F0CE8FBC2A862F95006C2D0F /* SimpleTransportationUITests.swift */; };
		F0CE8FBF2A862F95006C2D0F /* SimpleTransportationUITestsLaunchTests.swift in Sources */ = {isa = PBXBuildFile; fileRef = F0CE8FBE2A862F95006C2D0F /* SimpleTransportationUITestsLaunchTests.swift */; };
/* End PBXBuildFile section */

/* Begin PBXContainerItemProxy section */
		F0CE8FAF2A862F95006C2D0F /* PBXContainerItemProxy */ = {
			isa = PBXContainerItemProxy;
			containerPortal = F0CE8F902A862F93006C2D0F /* Project object */;
			proxyType = 1;
			remoteGlobalIDString = F0CE8F972A862F93006C2D0F;
			remoteInfo = SimpleTransportation;
		};
		F0CE8FB92A862F95006C2D0F /* PBXContainerItemProxy */ = {
			isa = PBXContainerItemProxy;
			containerPortal = F0CE8F902A862F93006C2D0F /* Project object */;
			proxyType = 1;
			remoteGlobalIDString = F0CE8F972A862F93006C2D0F;
			remoteInfo = SimpleTransportation;
		};
/* End PBXContainerItemProxy section */

/* Begin PBXFileReference section */
		F0CE8F982A862F93006C2D0F /* SimpleTransportation.app */ = {isa = PBXFileReference; explicitFileType = wrapper.application; includeInIndex = 0; path = SimpleTransportation.app; sourceTree = BUILT_PRODUCTS_DIR; };
		F0CE8F9B2A862F93006C2D0F /* AppDelegate.swift */ = {isa = PBXFileReference; lastKnownFileType = sourcecode.swift; path = AppDelegate.swift; sourceTree = "<group>"; };
		F0CE8F9D2A862F94006C2D0F /* SceneDelegate.swift */ = {isa = PBXFileReference; lastKnownFileType = sourcecode.swift; path = SceneDelegate.swift; sourceTree = "<group>"; };
		F0CE8F9F2A862F94006C2D0F /* ViewController.swift */ = {isa = PBXFileReference; lastKnownFileType = sourcecode.swift; path = ViewController.swift; sourceTree = "<group>"; };
		F0CE8FA22A862F94006C2D0F /* Base */ = {isa = PBXFileReference; lastKnownFileType = file.storyboard; name = Base; path = Base.lproj/Main.storyboard; sourceTree = "<group>"; };
		F0CE8FA42A862F95006C2D0F /* Assets.xcassets */ = {isa = PBXFileReference; lastKnownFileType = folder.assetcatalog; path = Assets.xcassets; sourceTree = "<group>"; };
		F0CE8FA72A862F95006C2D0F /* Base */ = {isa = PBXFileReference; lastKnownFileType = file.storyboard; name = Base; path = Base.lproj/LaunchScreen.storyboard; sourceTree = "<group>"; };
		F0CE8FA92A862F95006C2D0F /* Info.plist */ = {isa = PBXFileReference; lastKnownFileType = text.plist.xml; path = Info.plist; sourceTree = "<group>"; };
		F0CE8FAE2A862F95006C2D0F /* SimpleTransportationTests.xctest */ = {isa = PBXFileReference; explicitFileType = wrapper.cfbundle; includeInIndex = 0; path = SimpleTransportationTests.xctest; sourceTree = BUILT_PRODUCTS_DIR; };
		F0CE8FB22A862F95006C2D0F /* SimpleTransportationTests.swift */ = {isa = PBXFileReference; lastKnownFileType = sourcecode.swift; path = SimpleTransportationTests.swift; sourceTree = "<group>"; };
		F0CE8FB82A862F95006C2D0F /* SimpleTransportationUITests.xctest */ = {isa = PBXFileReference; explicitFileType = wrapper.cfbundle; includeInIndex = 0; path = SimpleTransportationUITests.xctest; sourceTree = BUILT_PRODUCTS_DIR; };
		F0CE8FBC2A862F95006C2D0F /* SimpleTransportationUITests.swift */ = {isa = PBXFileReference; lastKnownFileType = sourcecode.swift; path = SimpleTransportationUITests.swift; sourceTree = "<group>"; };
		F0CE8FBE2A862F95006C2D0F /* SimpleTransportationUITestsLaunchTests.swift */ = {isa = PBXFileReference; lastKnownFileType = sourcecode.swift; path = SimpleTransportationUITestsLaunchTests.swift; sourceTree = "<group>"; };
/* End PBXFileReference section */

/* Begin PBXFrameworksBuildPhase section */
		F0CE8F952A862F93006C2D0F /* Frameworks */ = {
			isa = PBXFrameworksBuildPhase;
			buildActionMask = 2147483647;
			files = (
			);
			runOnlyForDeploymentPostprocessing = 0;
		};
		F0CE8FAB2A862F95006C2D0F /* Frameworks */ = {
			isa = PBXFrameworksBuildPhase;
			buildActionMask = 2147483647;
			files = (
			);
			runOnlyForDeploymentPostprocessing = 0;
		};
		F0CE8FB52A862F95006C2D0F /* Frameworks */ = {
			isa = PBXFrameworksBuildPhase;
			buildActionMask = 2147483647;
			files = (
			);
			runOnlyForDeploymentPostprocessing = 0;
		};
/* End PBXFrameworksBuildPhase section */

/* Begin PBXGroup section */
		F0CE8F8F2A862F93006C2D0F = {
			isa = PBXGroup;
			children = (
				F0CE8F9A2A862F93006C2D0F /* SimpleTransportation */,
				F0CE8FB12A862F95006C2D0F /* SimpleTransportationTests */,
				F0CE8FBB2A862F95006C2D0F /* SimpleTransportationUITests */,
				F0CE8F992A862F93006C2D0F /* Products */,
			);
			sourceTree = "<group>";
		};
		F0CE8F992A862F93006C2D0F /* Products */ = {
			isa = PBXGroup;
			children = (
				F0CE8F982A862F93006C2D0F /* SimpleTransportation.app */,
				F0CE8FAE2A862F95006C2D0F /* SimpleTransportationTests.xctest */,
				F0CE8FB82A862F95006C2D0F /* SimpleTransportationUITests.xctest */,
			);
			name = Products;
			sourceTree = "<group>";
		};
		F0CE8F9A2A862F93006C2D0F /* SimpleTransportation */ = {
			isa = PBXGroup;
			children = (
				F0CE8F9B2A862F93006C2D0F /* AppDelegate.swift */,
				F0CE8F9D2A862F94006C2D0F /* SceneDelegate.swift */,
				F0CE8F9F2A862F94006C2D0F /* ViewController.swift */,
				F0CE8FA12A862F94006C2D0F /* Main.storyboard */,
				F0CE8FA42A862F95006C2D0F /* Assets.xcassets */,
				F0CE8FA62A862F95006C2D0F /* LaunchScreen.storyboard */,
				F0CE8FA92A862F95006C2D0F /* Info.plist */,
			);
			path = SimpleTransportation;
			sourceTree = "<group>";
		};
		F0CE8FB12A862F95006C2D0F /* SimpleTransportationTests */ = {
			isa = PBXGroup;
			children = (
				F0CE8FB22A862F95006C2D0F /* SimpleTransportationTests.swift */,
			);
			path = SimpleTransportationTests;
			sourceTree = "<group>";
		};
		F0CE8FBB2A862F95006C2D0F /* SimpleTransportationUITests */ = {
			isa = PBXGroup;
			children = (
				F0CE8FBC2A862F95006C2D0F /* SimpleTransportationUITests.swift */,
				F0CE8FBE2A862F95006C2D0F /* SimpleTransportationUITestsLaunchTests.swift */,
			);
			path = SimpleTransportationUITests;
			sourceTree = "<group>";
		};
/* End PBXGroup section */

/* Begin PBXNativeTarget section */
		F0CE8F972A862F93006C2D0F /* SimpleTransportation */ = {
			isa = PBXNativeTarget;
			buildConfigurationList = F0CE8FC22A862F95006C2D0F /* Build configuration list for PBXNativeTarget "SimpleTransportation" */;
			buildPhases = (
				F0CE8F942A862F93006C2D0F /* Sources */,
				F0CE8F952A862F93006C2D0F /* Frameworks */,
				F0CE8F962A862F93006C2D0F /* Resources */,
			);
			buildRules = (
			);
			dependencies = (
			);
			name = SimpleTransportation;
			productName = SimpleTransportation;
			productReference = F0CE8F982A862F93006C2D0F /* SimpleTransportation.app */;
			productType = "com.apple.product-type.application";
		};
		F0CE8FAD2A862F95006C2D0F /* SimpleTransportationTests */ = {
			isa = PBXNativeTarget;
			buildConfigurationList = F0CE8FC52A862F95006C2D0F /* Build configuration list for PBXNativeTarget "SimpleTransportationTests" */;
			buildPhases = (
				F0CE8FAA2A862F95006C2D0F /* Sources */,
				F0CE8FAB2A862F95006C2D0F /* Frameworks */,
				F0CE8FAC2A862F95006C2D0F /* Resources */,
			);
			buildRules = (
			);
			dependencies = (
				F0CE8FB02A862F95006C2D0F /* PBXTargetDependency */,
			);
			name = SimpleTransportationTests;
			productName = SimpleTransportationTests;
			productReference = F0CE8FAE2A862F95006C2D0F /* SimpleTransportationTests.xctest */;
			productType = "com.apple.product-type.bundle.unit-test";
		};
		F0CE8FB72A862F95006C2D0F /* SimpleTransportationUITests */ = {
			isa = PBXNativeTarget;
			buildConfigurationList = F0CE8FC82A862F95006C2D0F /* Build configuration list for PBXNativeTarget "SimpleTransportationUITests" */;
			buildPhases = (
				F0CE8FB42A862F95006C2D0F /* Sources */,
				F0CE8FB52A862F95006C2D0F /* Frameworks */,
				F0CE8FB62A862F95006C2D0F /* Resources */,
			);
			buildRules = (
			);
			dependencies = (
				F0CE8FBA2A862F95006C2D0F /* PBXTargetDependency */,
			);
			name = SimpleTransportationUITests;
			productName = SimpleTransportationUITests;
			productReference = F0CE8FB82A862F95006C2D0F /* SimpleTransportationUITests.xctest */;
			productType = "com.apple.product-type.bundle.ui-testing";
		};
/* End PBXNativeTarget section */

/* Begin PBXProject section */
		F0CE8F902A862F93006C2D0F /* Project object */ = {
			isa = PBXProject;
			attributes = {
				BuildIndependentTargetsInParallel = 1;
				LastSwiftUpdateCheck = 1430;
				LastUpgradeCheck = 1430;
				TargetAttributes = {
					F0CE8F972A862F93006C2D0F = {
						CreatedOnToolsVersion = 14.3.1;
					};
					F0CE8FAD2A862F95006C2D0F = {
						CreatedOnToolsVersion = 14.3.1;
						TestTargetID = F0CE8F972A862F93006C2D0F;
					};
					F0CE8FB72A862F95006C2D0F = {
						CreatedOnToolsVersion = 14.3.1;
						TestTargetID = F0CE8F972A862F93006C2D0F;
					};
				};
			};
			buildConfigurationList = F0CE8F932A862F93006C2D0F /* Build configuration list for PBXProject "SimpleTransportation" */;
			compatibilityVersion = "Xcode 14.0";
			developmentRegion = en;
			hasScannedForEncodings = 0;
			knownRegions = (
				en,
				Base,
			);
			mainGroup = F0CE8F8F2A862F93006C2D0F;
			productRefGroup = F0CE8F992A862F93006C2D0F /* Products */;
			projectDirPath = "";
			projectRoot = "";
			targets = (
				F0CE8F972A862F93006C2D0F /* SimpleTransportation */,
				F0CE8FAD2A862F95006C2D0F /* SimpleTransportationTests */,
				F0CE8FB72A862F95006C2D0F /* SimpleTransportationUITests */,
			);
		};
/* End PBXProject section */

/* Begin PBXResourcesBuildPhase section */
		F0CE8F962A862F93006C2D0F /* Resources */ = {
			isa = PBXResourcesBuildPhase;
			buildActionMask = 2147483647;
			files = (
				F0CE8FA82A862F95006C2D0F /* LaunchScreen.storyboard in Resources */,
				F0CE8FA52A862F95006C2D0F /* Assets.xcassets in Resources */,
				F0CE8FA32A862F94006C2D0F /* Main.storyboard in Resources */,
			);
			runOnlyForDeploymentPostprocessing = 0;
		};
		F0CE8FAC2A862F95006C2D0F /* Resources */ = {
			isa = PBXResourcesBuildPhase;
			buildActionMask = 2147483647;
			files = (
			);
			runOnlyForDeploymentPostprocessing = 0;
		};
		F0CE8FB62A862F95006C2D0F /* Resources */ = {
			isa = PBXResourcesBuildPhase;
			buildActionMask = 2147483647;
			files = (
			);
			runOnlyForDeploymentPostprocessing = 0;
		};
/* End PBXResourcesBuildPhase section */

/* Begin PBXSourcesBuildPhase section */
		F0CE8F942A862F93006C2D0F /* Sources */ = {
			isa = PBXSourcesBuildPhase;
			buildActionMask = 2147483647;
			files = (
				F0CE8FA02A862F94006C2D0F /* ViewController.swift in Sources */,
				F0CE8F9C2A862F93006C2D0F /* AppDelegate.swift in Sources */,
				F0CE8F9E2A862F94006C2D0F /* SceneDelegate.swift in Sources */,
			);
			runOnlyForDeploymentPostprocessing = 0;
		};
		F0CE8FAA2A862F95006C2D0F /* Sources */ = {
			isa = PBXSourcesBuildPhase;
			buildActionMask = 2147483647;
			files = (
				F0CE8FB32A862F95006C2D0F /* SimpleTransportationTests.swift in Sources */,
			);
			runOnlyForDeploymentPostprocessing = 0;
		};
		F0CE8FB42A862F95006C2D0F /* Sources */ = {
			isa = PBXSourcesBuildPhase;
			buildActionMask = 2147483647;
			files = (
				F0CE8FBF2A862F95006C2D0F /* SimpleTransportationUITestsLaunchTests.swift in Sources */,
				F0CE8FBD2A862F95006C2D0F /* SimpleTransportationUITests.swift in Sources */,
			);
			runOnlyForDeploymentPostprocessing = 0;
		};
/* End PBXSourcesBuildPhase section */

/* Begin PBXTargetDependency section */
		F0CE8FB02A862F95006C2D0F /* PBXTargetDependency */ = {
			isa = PBXTargetDependency;
			target = F0CE8F972A862F93006C2D0F /* SimpleTransportation */;
			targetProxy = F0CE8FAF2A862F95006C2D0F /* PBXContainerItemProxy */;
		};
		F0CE8FBA2A862F95006C2D0F /* PBXTargetDependency */ = {
			isa = PBXTargetDependency;
			target = F0CE8F972A862F93006C2D0F /* SimpleTransportation */;
			targetProxy = F0CE8FB92A862F95006C2D0F /* PBXContainerItemProxy */;
		};
/* End PBXTargetDependency section */

/* Begin PBXVariantGroup section */
		F0CE8FA12A862F94006C2D0F /* Main.storyboard */ = {
			isa = PBXVariantGroup;
			children = (
				F0CE8FA22A862F94006C2D0F /* Base */,
			);
			name = Main.storyboard;
			sourceTree = "<group>";
		};
		F0CE8FA62A862F95006C2D0F /* LaunchScreen.storyboard */ = {
			isa = PBXVariantGroup;
			children = (
				F0CE8FA72A862F95006C2D0F /* Base */,
			);
			name = LaunchScreen.storyboard;
			sourceTree = "<group>";
		};
/* End PBXVariantGroup section */

/* Begin XCBuildConfiguration section */
		F0CE8FC02A862F95006C2D0F /* Debug */ = {
			isa = XCBuildConfiguration;
			buildSettings = {
				ALWAYS_SEARCH_USER_PATHS = NO;
				CLANG_ANALYZER_NONNULL = YES;
				CLANG_ANALYZER_NUMBER_OBJECT_CONVERSION = YES_AGGRESSIVE;
				CLANG_CXX_LANGUAGE_STANDARD = "gnu++20";
				CLANG_ENABLE_MODULES = YES;
				CLANG_ENABLE_OBJC_ARC = YES;
				CLANG_ENABLE_OBJC_WEAK = YES;
				CLANG_WARN_BLOCK_CAPTURE_AUTORELEASING = YES;
				CLANG_WARN_BOOL_CONVERSION = YES;
				CLANG_WARN_COMMA = YES;
				CLANG_WARN_CONSTANT_CONVERSION = YES;
				CLANG_WARN_DEPRECATED_OBJC_IMPLEMENTATIONS = YES;
				CLANG_WARN_DIRECT_OBJC_ISA_USAGE = YES_ERROR;
				CLANG_WARN_DOCUMENTATION_COMMENTS = YES;
				CLANG_WARN_EMPTY_BODY = YES;
				CLANG_WARN_ENUM_CONVERSION = YES;
				CLANG_WARN_INFINITE_RECURSION = YES;
				CLANG_WARN_INT_CONVERSION = YES;
				CLANG_WARN_NON_LITERAL_NULL_CONVERSION = YES;
				CLANG_WARN_OBJC_IMPLICIT_RETAIN_SELF = YES;
				CLANG_WARN_OBJC_LITERAL_CONVERSION = YES;
				CLANG_WARN_OBJC_ROOT_CLASS = YES_ERROR;
				CLANG_WARN_QUOTED_INCLUDE_IN_FRAMEWORK_HEADER = YES;
				CLANG_WARN_RANGE_LOOP_ANALYSIS = YES;
				CLANG_WARN_STRICT_PROTOTYPES = YES;
				CLANG_WARN_SUSPICIOUS_MOVE = YES;
				CLANG_WARN_UNGUARDED_AVAILABILITY = YES_AGGRESSIVE;
				CLANG_WARN_UNREACHABLE_CODE = YES;
				CLANG_WARN__DUPLICATE_METHOD_MATCH = YES;
				COPY_PHASE_STRIP = NO;
				DEBUG_INFORMATION_FORMAT = dwarf;
				ENABLE_STRICT_OBJC_MSGSEND = YES;
				ENABLE_TESTABILITY = YES;
				GCC_C_LANGUAGE_STANDARD = gnu11;
				GCC_DYNAMIC_NO_PIC = NO;
				GCC_NO_COMMON_BLOCKS = YES;
				GCC_OPTIMIZATION_LEVEL = 0;
				GCC_PREPROCESSOR_DEFINITIONS = (
					"DEBUG=1",
					"$(inherited)",
				);
				GCC_WARN_64_TO_32_BIT_CONVERSION = YES;
				GCC_WARN_ABOUT_RETURN_TYPE = YES_ERROR;
				GCC_WARN_UNDECLARED_SELECTOR = YES;
				GCC_WARN_UNINITIALIZED_AUTOS = YES_AGGRESSIVE;
				GCC_WARN_UNUSED_FUNCTION = YES;
				GCC_WARN_UNUSED_VARIABLE = YES;
				IPHONEOS_DEPLOYMENT_TARGET = 16.4;
				MTL_ENABLE_DEBUG_INFO = INCLUDE_SOURCE;
				MTL_FAST_MATH = YES;
				ONLY_ACTIVE_ARCH = YES;
				SDKROOT = iphoneos;
				SWIFT_ACTIVE_COMPILATION_CONDITIONS = DEBUG;
				SWIFT_OPTIMIZATION_LEVEL = "-Onone";
			};
			name = Debug;
		};
		F0CE8FC12A862F95006C2D0F /* Release */ = {
			isa = XCBuildConfiguration;
			buildSettings = {
				ALWAYS_SEARCH_USER_PATHS = NO;
				CLANG_ANALYZER_NONNULL = YES;
				CLANG_ANALYZER_NUMBER_OBJECT_CONVERSION = YES_AGGRESSIVE;
				CLANG_CXX_LANGUAGE_STANDARD = "gnu++20";
				CLANG_ENABLE_MODULES = YES;
				CLANG_ENABLE_OBJC_ARC = YES;
				CLANG_ENABLE_OBJC_WEAK = YES;
				CLANG_WARN_BLOCK_CAPTURE_AUTORELEASING = YES;
				CLANG_WARN_BOOL_CONVERSION = YES;
				CLANG_WARN_COMMA = YES;
				CLANG_WARN_CONSTANT_CONVERSION = YES;
				CLANG_WARN_DEPRECATED_OBJC_IMPLEMENTATIONS = YES;
				CLANG_WARN_DIRECT_OBJC_ISA_USAGE = YES_ERROR;
				CLANG_WARN_DOCUMENTATION_COMMENTS = YES;
				CLANG_WARN_EMPTY_BODY = YES;
				CLANG_WARN_ENUM_CONVERSION = YES;
				CLANG_WARN_INFINITE_RECURSION = YES;
				CLANG_WARN_INT_CONVERSION = YES;
				CLANG_WARN_NON_LITERAL_NULL_CONVERSION = YES;
				CLANG_WARN_OBJC_IMPLICIT_RETAIN_SELF = YES;
				CLANG_WARN_OBJC_LITERAL_CONVERSION = YES;
				CLANG_WARN_OBJC_ROOT_CLASS = YES_ERROR;
				CLANG_WARN_QUOTED_INCLUDE_IN_FRAMEWORK_HEADER = YES;
				CLANG_WARN_RANGE_LOOP_ANALYSIS = YES;
				CLANG_WARN_STRICT_PROTOTYPES = YES;
				CLANG_WARN_SUSPICIOUS_MOVE = YES;
				CLANG_WARN_UNGUARDED_AVAILABILITY = YES_AGGRESSIVE;
				CLANG_WARN_UNREACHABLE_CODE = YES;
				CLANG_WARN__DUPLICATE_METHOD_MATCH = YES;
				COPY_PHASE_STRIP = NO;
				DEBUG_INFORMATION_FORMAT = "dwarf-with-dsym";
				ENABLE_NS_ASSERTIONS = NO;
				ENABLE_STRICT_OBJC_MSGSEND = YES;
				GCC_C_LANGUAGE_STANDARD = gnu11;
				GCC_NO_COMMON_BLOCKS = YES;
				GCC_WARN_64_TO_32_BIT_CONVERSION = YES;
				GCC_WARN_ABOUT_RETURN_TYPE = YES_ERROR;
				GCC_WARN_UNDECLARED_SELECTOR = YES;
				GCC_WARN_UNINITIALIZED_AUTOS = YES_AGGRESSIVE;
				GCC_WARN_UNUSED_FUNCTION = YES;
				GCC_WARN_UNUSED_VARIABLE = YES;
				IPHONEOS_DEPLOYMENT_TARGET = 16.4;
				MTL_ENABLE_DEBUG_INFO = NO;
				MTL_FAST_MATH = YES;
				SDKROOT = iphoneos;
				SWIFT_COMPILATION_MODE = wholemodule;
				SWIFT_OPTIMIZATION_LEVEL = "-O";
				VALIDATE_PRODUCT = YES;
			};
			name = Release;
		};
		F0CE8FC32A862F95006C2D0F /* Debug */ = {
			isa = XCBuildConfiguration;
			buildSettings = {
				ASSETCATALOG_COMPILER_APPICON_NAME = AppIcon;
				ASSETCATALOG_COMPILER_GLOBAL_ACCENT_COLOR_NAME = AccentColor;
				CODE_SIGN_STYLE = Automatic;
				CURRENT_PROJECT_VERSION = 1;
				DEVELOPMENT_TEAM = RSRDDLSBPH;
				GENERATE_INFOPLIST_FILE = YES;
				INFOPLIST_FILE = SimpleTransportation/Info.plist;
				INFOPLIST_KEY_UIApplicationSupportsIndirectInputEvents = YES;
				INFOPLIST_KEY_UILaunchStoryboardName = LaunchScreen;
				INFOPLIST_KEY_UIMainStoryboardFile = Main;
				INFOPLIST_KEY_UISupportedInterfaceOrientations_iPad = "UIInterfaceOrientationPortrait UIInterfaceOrientationPortraitUpsideDown UIInterfaceOrientationLandscapeLeft UIInterfaceOrientationLandscapeRight";
				INFOPLIST_KEY_UISupportedInterfaceOrientations_iPhone = "UIInterfaceOrientationPortrait UIInterfaceOrientationLandscapeLeft UIInterfaceOrientationLandscapeRight";
				LD_RUNPATH_SEARCH_PATHS = (
					"$(inherited)",
					"@executable_path/Frameworks",
				);
				MARKETING_VERSION = 1.0;
				PRODUCT_BUNDLE_IDENTIFIER = com.KihoonLee.SimpleTransportation;
				PRODUCT_NAME = "$(TARGET_NAME)";
				SWIFT_EMIT_LOC_STRINGS = YES;
				SWIFT_VERSION = 5.0;
				TARGETED_DEVICE_FAMILY = "1,2";
			};
			name = Debug;
		};
		F0CE8FC42A862F95006C2D0F /* Release */ = {
			isa = XCBuildConfiguration;
			buildSettings = {
				ASSETCATALOG_COMPILER_APPICON_NAME = AppIcon;
				ASSETCATALOG_COMPILER_GLOBAL_ACCENT_COLOR_NAME = AccentColor;
				CODE_SIGN_STYLE = Automatic;
				CURRENT_PROJECT_VERSION = 1;
				DEVELOPMENT_TEAM = RSRDDLSBPH;
				GENERATE_INFOPLIST_FILE = YES;
				INFOPLIST_FILE = SimpleTransportation/Info.plist;
				INFOPLIST_KEY_UIApplicationSupportsIndirectInputEvents = YES;
				INFOPLIST_KEY_UILaunchStoryboardName = LaunchScreen;
				INFOPLIST_KEY_UIMainStoryboardFile = Main;
				INFOPLIST_KEY_UISupportedInterfaceOrientations_iPad = "UIInterfaceOrientationPortrait UIInterfaceOrientationPortraitUpsideDown UIInterfaceOrientationLandscapeLeft UIInterfaceOrientationLandscapeRight";
				INFOPLIST_KEY_UISupportedInterfaceOrientations_iPhone = "UIInterfaceOrientationPortrait UIInterfaceOrientationLandscapeLeft UIInterfaceOrientationLandscapeRight";
				LD_RUNPATH_SEARCH_PATHS = (
					"$(inherited)",
					"@executable_path/Frameworks",
				);
				MARKETING_VERSION = 1.0;
				PRODUCT_BUNDLE_IDENTIFIER = com.KihoonLee.SimpleTransportation;
				PRODUCT_NAME = "$(TARGET_NAME)";
				SWIFT_EMIT_LOC_STRINGS = YES;
				SWIFT_VERSION = 5.0;
				TARGETED_DEVICE_FAMILY = "1,2";
			};
			name = Release;
		};
		F0CE8FC62A862F95006C2D0F /* Debug */ = {
			isa = XCBuildConfiguration;
			buildSettings = {
				ALWAYS_EMBED_SWIFT_STANDARD_LIBRARIES = YES;
				BUNDLE_LOADER = "$(TEST_HOST)";
				CODE_SIGN_STYLE = Automatic;
				CURRENT_PROJECT_VERSION = 1;
				DEVELOPMENT_TEAM = RSRDDLSBPH;
				GENERATE_INFOPLIST_FILE = YES;
				IPHONEOS_DEPLOYMENT_TARGET = 16.4;
				MARKETING_VERSION = 1.0;
				PRODUCT_BUNDLE_IDENTIFIER = com.KihoonLee.SimpleTransportationTests;
				PRODUCT_NAME = "$(TARGET_NAME)";
				SWIFT_EMIT_LOC_STRINGS = NO;
				SWIFT_VERSION = 5.0;
				TARGETED_DEVICE_FAMILY = "1,2";
				TEST_HOST = "$(BUILT_PRODUCTS_DIR)/SimpleTransportation.app/$(BUNDLE_EXECUTABLE_FOLDER_PATH)/SimpleTransportation";
			};
			name = Debug;
		};
		F0CE8FC72A862F95006C2D0F /* Release */ = {
			isa = XCBuildConfiguration;
			buildSettings = {
				ALWAYS_EMBED_SWIFT_STANDARD_LIBRARIES = YES;
				BUNDLE_LOADER = "$(TEST_HOST)";
				CODE_SIGN_STYLE = Automatic;
				CURRENT_PROJECT_VERSION = 1;
				DEVELOPMENT_TEAM = RSRDDLSBPH;
				GENERATE_INFOPLIST_FILE = YES;
				IPHONEOS_DEPLOYMENT_TARGET = 16.4;
				MARKETING_VERSION = 1.0;
				PRODUCT_BUNDLE_IDENTIFIER = com.KihoonLee.SimpleTransportationTests;
				PRODUCT_NAME = "$(TARGET_NAME)";
				SWIFT_EMIT_LOC_STRINGS = NO;
				SWIFT_VERSION = 5.0;
				TARGETED_DEVICE_FAMILY = "1,2";
				TEST_HOST = "$(BUILT_PRODUCTS_DIR)/SimpleTransportation.app/$(BUNDLE_EXECUTABLE_FOLDER_PATH)/SimpleTransportation";
			};
			name = Release;
		};
		F0CE8FC92A862F95006C2D0F /* Debug */ = {
			isa = XCBuildConfiguration;
			buildSettings = {
				ALWAYS_EMBED_SWIFT_STANDARD_LIBRARIES = YES;
				CODE_SIGN_STYLE = Automatic;
				CURRENT_PROJECT_VERSION = 1;
				DEVELOPMENT_TEAM = RSRDDLSBPH;
				GENERATE_INFOPLIST_FILE = YES;
				MARKETING_VERSION = 1.0;
				PRODUCT_BUNDLE_IDENTIFIER = com.KihoonLee.SimpleTransportationUITests;
				PRODUCT_NAME = "$(TARGET_NAME)";
				SWIFT_EMIT_LOC_STRINGS = NO;
				SWIFT_VERSION = 5.0;
				TARGETED_DEVICE_FAMILY = "1,2";
				TEST_TARGET_NAME = SimpleTransportation;
			};
			name = Debug;
		};
		F0CE8FCA2A862F95006C2D0F /* Release */ = {
			isa = XCBuildConfiguration;
			buildSettings = {
				ALWAYS_EMBED_SWIFT_STANDARD_LIBRARIES = YES;
				CODE_SIGN_STYLE = Automatic;
				CURRENT_PROJECT_VERSION = 1;
				DEVELOPMENT_TEAM = RSRDDLSBPH;
				GENERATE_INFOPLIST_FILE = YES;
				MARKETING_VERSION = 1.0;
				PRODUCT_BUNDLE_IDENTIFIER = com.KihoonLee.SimpleTransportationUITests;
				PRODUCT_NAME = "$(TARGET_NAME)";
				SWIFT_EMIT_LOC_STRINGS = NO;
				SWIFT_VERSION = 5.0;
				TARGETED_DEVICE_FAMILY = "1,2";
				TEST_TARGET_NAME = SimpleTransportation;
			};
			name = Release;
		};
/* End XCBuildConfiguration section */

/* Begin XCConfigurationList section */
		F0CE8F932A862F93006C2D0F /* Build configuration list for PBXProject "SimpleTransportation" */ = {
			isa = XCConfigurationList;
			buildConfigurations = (
				F0CE8FC02A862F95006C2D0F /* Debug */,
				F0CE8FC12A862F95006C2D0F /* Release */,
			);
			defaultConfigurationIsVisible = 0;
			defaultConfigurationName = Release;
		};
		F0CE8FC22A862F95006C2D0F /* Build configuration list for PBXNativeTarget "SimpleTransportation" */ = {
			isa = XCConfigurationList;
			buildConfigurations = (
				F0CE8FC32A862F95006C2D0F /* Debug */,
				F0CE8FC42A862F95006C2D0F /* Release */,
			);
			defaultConfigurationIsVisible = 0;
			defaultConfigurationName = Release;
		};
		F0CE8FC52A862F95006C2D0F /* Build configuration list for PBXNativeTarget "SimpleTransportationTests" */ = {
			isa = XCConfigurationList;
			buildConfigurations = (
				F0CE8FC62A862F95006C2D0F /* Debug */,
				F0CE8FC72A862F95006C2D0F /* Release */,
			);
			defaultConfigurationIsVisible = 0;
			defaultConfigurationName = Release;
		};
		F0CE8FC82A862F95006C2D0F /* Build configuration list for PBXNativeTarget "SimpleTransportationUITests" */ = {
			isa = XCConfigurationList;
			buildConfigurations = (
				F0CE8FC92A862F95006C2D0F /* Debug */,
				F0CE8FCA2A862F95006C2D0F /* Release */,
			);
			defaultConfigurationIsVisible = 0;
			defaultConfigurationName = Release;
		};
/* End XCConfigurationList section */
	};
	rootObject = F0CE8F902A862F93006C2D0F /* Project object */;
}
